// !$*UTF8*$!
{
	archiveVersion = 1;
	classes = {
	};
	objectVersion = 55;
	objects = {

/* Begin PBXBuildFile section */
		F70B734A27A2F65B00824860 /* SettingsRowView.swift in Sources */ = {isa = PBXBuildFile; fileRef = F70B734927A2F65A00824860 /* SettingsRowView.swift */; };
		F73E3BE427A0445E00BDA3E1 /* FructusApp.swift in Sources */ = {isa = PBXBuildFile; fileRef = F73E3BE327A0445E00BDA3E1 /* FructusApp.swift */; };
		F73E3BE627A0445E00BDA3E1 /* ContentView.swift in Sources */ = {isa = PBXBuildFile; fileRef = F73E3BE527A0445E00BDA3E1 /* ContentView.swift */; };
		F73E3BE827A0445E00BDA3E1 /* Assets.xcassets in Resources */ = {isa = PBXBuildFile; fileRef = F73E3BE727A0445E00BDA3E1 /* Assets.xcassets */; };
		F73E3BEB27A0445E00BDA3E1 /* Preview Assets.xcassets in Resources */ = {isa = PBXBuildFile; fileRef = F73E3BEA27A0445E00BDA3E1 /* Preview Assets.xcassets */; };
		F73E3BF427A0807D00BDA3E1 /* FruitCardView.swift in Sources */ = {isa = PBXBuildFile; fileRef = F73E3BF327A0807D00BDA3E1 /* FruitCardView.swift */; };
		F74D87AE27A2BCD800AA6987 /* FruitNutrientsView.swift in Sources */ = {isa = PBXBuildFile; fileRef = F74D87AD27A2BCD800AA6987 /* FruitNutrientsView.swift */; };
		F74D87B227A2C33700AA6987 /* SettingsView.swift in Sources */ = {isa = PBXBuildFile; fileRef = F74D87B127A2C33700AA6987 /* SettingsView.swift */; };
		F74D87B427A2CF3E00AA6987 /* SettingsLabelView.swift in Sources */ = {isa = PBXBuildFile; fileRef = F74D87B327A2CF3E00AA6987 /* SettingsLabelView.swift */; };
		F75C736E27A19C3F008A3E0F /* FruitModel.swift in Sources */ = {isa = PBXBuildFile; fileRef = F75C736D27A19C3F008A3E0F /* FruitModel.swift */; };
		F75C737127A19D49008A3E0F /* FruitData.swift in Sources */ = {isa = PBXBuildFile; fileRef = F75C737027A19D49008A3E0F /* FruitData.swift */; };
		F75C737327A1C28B008A3E0F /* FruitRowView.swift in Sources */ = {isa = PBXBuildFile; fileRef = F75C737227A1C28B008A3E0F /* FruitRowView.swift */; };
		F75C737527A1DA69008A3E0F /* FruitDetailView.swift in Sources */ = {isa = PBXBuildFile; fileRef = F75C737427A1DA69008A3E0F /* FruitDetailView.swift */; };
		F75C737727A1DD20008A3E0F /* FruitHeaderView.swift in Sources */ = {isa = PBXBuildFile; fileRef = F75C737627A1DD20008A3E0F /* FruitHeaderView.swift */; };
		F75C737927A1E0E5008A3E0F /* SourceLinkView.swift in Sources */ = {isa = PBXBuildFile; fileRef = F75C737827A1E0E5008A3E0F /* SourceLinkView.swift */; };
		F7E1460A27A088880047A436 /* StartButton.swift in Sources */ = {isa = PBXBuildFile; fileRef = F7E1460927A088880047A436 /* StartButton.swift */; };
		F7E1460C27A08BF70047A436 /* OnBoardingView.swift in Sources */ = {isa = PBXBuildFile; fileRef = F7E1460B27A08BF70047A436 /* OnBoardingView.swift */; };
/* End PBXBuildFile section */

/* Begin PBXFileReference section */
		F70B734927A2F65A00824860 /* SettingsRowView.swift */ = {isa = PBXFileReference; lastKnownFileType = sourcecode.swift; path = SettingsRowView.swift; sourceTree = "<group>"; };
		F73E3BE027A0445E00BDA3E1 /* Fructus.app */ = {isa = PBXFileReference; explicitFileType = wrapper.application; includeInIndex = 0; path = Fructus.app; sourceTree = BUILT_PRODUCTS_DIR; };
		F73E3BE327A0445E00BDA3E1 /* FructusApp.swift */ = {isa = PBXFileReference; lastKnownFileType = sourcecode.swift; path = FructusApp.swift; sourceTree = "<group>"; };
		F73E3BE527A0445E00BDA3E1 /* ContentView.swift */ = {isa = PBXFileReference; lastKnownFileType = sourcecode.swift; path = ContentView.swift; sourceTree = "<group>"; };
		F73E3BE727A0445E00BDA3E1 /* Assets.xcassets */ = {isa = PBXFileReference; lastKnownFileType = folder.assetcatalog; path = Assets.xcassets; sourceTree = "<group>"; };
		F73E3BEA27A0445E00BDA3E1 /* Preview Assets.xcassets */ = {isa = PBXFileReference; lastKnownFileType = folder.assetcatalog; path = "Preview Assets.xcassets"; sourceTree = "<group>"; };
		F73E3BF327A0807D00BDA3E1 /* FruitCardView.swift */ = {isa = PBXFileReference; lastKnownFileType = sourcecode.swift; path = FruitCardView.swift; sourceTree = "<group>"; };
		F74D87AD27A2BCD800AA6987 /* FruitNutrientsView.swift */ = {isa = PBXFileReference; lastKnownFileType = sourcecode.swift; path = FruitNutrientsView.swift; sourceTree = "<group>"; };
		F74D87B127A2C33700AA6987 /* SettingsView.swift */ = {isa = PBXFileReference; lastKnownFileType = sourcecode.swift; path = SettingsView.swift; sourceTree = "<group>"; };
		F74D87B327A2CF3E00AA6987 /* SettingsLabelView.swift */ = {isa = PBXFileReference; lastKnownFileType = sourcecode.swift; path = SettingsLabelView.swift; sourceTree = "<group>"; };
		F75C736D27A19C3F008A3E0F /* FruitModel.swift */ = {isa = PBXFileReference; lastKnownFileType = sourcecode.swift; path = FruitModel.swift; sourceTree = "<group>"; };
		F75C737027A19D49008A3E0F /* FruitData.swift */ = {isa = PBXFileReference; lastKnownFileType = sourcecode.swift; path = FruitData.swift; sourceTree = "<group>"; };
		F75C737227A1C28B008A3E0F /* FruitRowView.swift */ = {isa = PBXFileReference; lastKnownFileType = sourcecode.swift; path = FruitRowView.swift; sourceTree = "<group>"; };
		F75C737427A1DA69008A3E0F /* FruitDetailView.swift */ = {isa = PBXFileReference; lastKnownFileType = sourcecode.swift; path = FruitDetailView.swift; sourceTree = "<group>"; };
		F75C737627A1DD20008A3E0F /* FruitHeaderView.swift */ = {isa = PBXFileReference; lastKnownFileType = sourcecode.swift; path = FruitHeaderView.swift; sourceTree = "<group>"; };
		F75C737827A1E0E5008A3E0F /* SourceLinkView.swift */ = {isa = PBXFileReference; lastKnownFileType = sourcecode.swift; path = SourceLinkView.swift; sourceTree = "<group>"; };
		F7E1460927A088880047A436 /* StartButton.swift */ = {isa = PBXFileReference; lastKnownFileType = sourcecode.swift; path = StartButton.swift; sourceTree = "<group>"; };
		F7E1460B27A08BF70047A436 /* OnBoardingView.swift */ = {isa = PBXFileReference; lastKnownFileType = sourcecode.swift; path = OnBoardingView.swift; sourceTree = "<group>"; };
/* End PBXFileReference section */

/* Begin PBXFrameworksBuildPhase section */
		F73E3BDD27A0445E00BDA3E1 /* Frameworks */ = {
			isa = PBXFrameworksBuildPhase;
			buildActionMask = 2147483647;
			files = (
			);
			runOnlyForDeploymentPostprocessing = 0;
		};
/* End PBXFrameworksBuildPhase section */

/* Begin PBXGroup section */
		F73E3BD727A0445E00BDA3E1 = {
			isa = PBXGroup;
			children = (
				F73E3BE227A0445E00BDA3E1 /* Fructus */,
				F73E3BE127A0445E00BDA3E1 /* Products */,
			);
			sourceTree = "<group>";
		};
		F73E3BE127A0445E00BDA3E1 /* Products */ = {
			isa = PBXGroup;
			children = (
				F73E3BE027A0445E00BDA3E1 /* Fructus.app */,
			);
			name = Products;
			sourceTree = "<group>";
		};
		F73E3BE227A0445E00BDA3E1 /* Fructus */ = {
			isa = PBXGroup;
			children = (
				F75C736F27A19D39008A3E0F /* Data */,
				F75C736C27A19C1B008A3E0F /* Models */,
				F73E3BF227A0806800BDA3E1 /* View */,
				F73E3BF127A07D9000BDA3E1 /* App */,
				F73E3BE727A0445E00BDA3E1 /* Assets.xcassets */,
				F73E3BE927A0445E00BDA3E1 /* Preview Content */,
			);
			path = Fructus;
			sourceTree = "<group>";
		};
		F73E3BE927A0445E00BDA3E1 /* Preview Content */ = {
			isa = PBXGroup;
			children = (
				F73E3BEA27A0445E00BDA3E1 /* Preview Assets.xcassets */,
			);
			path = "Preview Content";
			sourceTree = "<group>";
		};
		F73E3BF127A07D9000BDA3E1 /* App */ = {
			isa = PBXGroup;
			children = (
				F74D87B127A2C33700AA6987 /* SettingsView.swift */,
				F7E1460B27A08BF70047A436 /* OnBoardingView.swift */,
				F73E3BE327A0445E00BDA3E1 /* FructusApp.swift */,
				F73E3BE527A0445E00BDA3E1 /* ContentView.swift */,
				F75C737427A1DA69008A3E0F /* FruitDetailView.swift */,
			);
			path = App;
			sourceTree = "<group>";
		};
		F73E3BF227A0806800BDA3E1 /* View */ = {
			isa = PBXGroup;
			children = (
				F73E3BF327A0807D00BDA3E1 /* FruitCardView.swift */,
				F7E1460927A088880047A436 /* StartButton.swift */,
				F75C737227A1C28B008A3E0F /* FruitRowView.swift */,
				F75C737627A1DD20008A3E0F /* FruitHeaderView.swift */,
				F75C737827A1E0E5008A3E0F /* SourceLinkView.swift */,
				F74D87AD27A2BCD800AA6987 /* FruitNutrientsView.swift */,
				F74D87B327A2CF3E00AA6987 /* SettingsLabelView.swift */,
				F70B734927A2F65A00824860 /* SettingsRowView.swift */,
			);
			path = View;
			sourceTree = "<group>";
		};
		F75C736C27A19C1B008A3E0F /* Models */ = {
			isa = PBXGroup;
			children = (
				F75C736D27A19C3F008A3E0F /* FruitModel.swift */,
			);
			path = Models;
			sourceTree = "<group>";
		};
		F75C736F27A19D39008A3E0F /* Data */ = {
			isa = PBXGroup;
			children = (
				F75C737027A19D49008A3E0F /* FruitData.swift */,
			);
			path = Data;
			sourceTree = "<group>";
		};
/* End PBXGroup section */

/* Begin PBXNativeTarget section */
		F73E3BDF27A0445E00BDA3E1 /* Fructus */ = {
			isa = PBXNativeTarget;
			buildConfigurationList = F73E3BEE27A0445E00BDA3E1 /* Build configuration list for PBXNativeTarget "Fructus" */;
			buildPhases = (
				F73E3BDC27A0445E00BDA3E1 /* Sources */,
				F73E3BDD27A0445E00BDA3E1 /* Frameworks */,
				F73E3BDE27A0445E00BDA3E1 /* Resources */,
			);
			buildRules = (
			);
			dependencies = (
			);
			name = Fructus;
			productName = Fructus;
			productReference = F73E3BE027A0445E00BDA3E1 /* Fructus.app */;
			productType = "com.apple.product-type.application";
		};
/* End PBXNativeTarget section */

/* Begin PBXProject section */
		F73E3BD827A0445E00BDA3E1 /* Project object */ = {
			isa = PBXProject;
			attributes = {
				BuildIndependentTargetsInParallel = 1;
				LastSwiftUpdateCheck = 1310;
				LastUpgradeCheck = 1310;
				TargetAttributes = {
					F73E3BDF27A0445E00BDA3E1 = {
						CreatedOnToolsVersion = 13.1;
					};
				};
			};
			buildConfigurationList = F73E3BDB27A0445E00BDA3E1 /* Build configuration list for PBXProject "Fructus" */;
			compatibilityVersion = "Xcode 13.0";
			developmentRegion = en;
			hasScannedForEncodings = 0;
			knownRegions = (
				en,
				Base,
			);
			mainGroup = F73E3BD727A0445E00BDA3E1;
			productRefGroup = F73E3BE127A0445E00BDA3E1 /* Products */;
			projectDirPath = "";
			projectRoot = "";
			targets = (
				F73E3BDF27A0445E00BDA3E1 /* Fructus */,
			);
		};
/* End PBXProject section */

/* Begin PBXResourcesBuildPhase section */
		F73E3BDE27A0445E00BDA3E1 /* Resources */ = {
			isa = PBXResourcesBuildPhase;
			buildActionMask = 2147483647;
			files = (
				F73E3BEB27A0445E00BDA3E1 /* Preview Assets.xcassets in Resources */,
				F73E3BE827A0445E00BDA3E1 /* Assets.xcassets in Resources */,
			);
			runOnlyForDeploymentPostprocessing = 0;
		};
/* End PBXResourcesBuildPhase section */

/* Begin PBXSourcesBuildPhase section */
		F73E3BDC27A0445E00BDA3E1 /* Sources */ = {
			isa = PBXSourcesBuildPhase;
			buildActionMask = 2147483647;
			files = (
				F75C737127A19D49008A3E0F /* FruitData.swift in Sources */,
				F75C737927A1E0E5008A3E0F /* SourceLinkView.swift in Sources */,
				F70B734A27A2F65B00824860 /* SettingsRowView.swift in Sources */,
				F73E3BF427A0807D00BDA3E1 /* FruitCardView.swift in Sources */,
				F75C737327A1C28B008A3E0F /* FruitRowView.swift in Sources */,
				F74D87AE27A2BCD800AA6987 /* FruitNutrientsView.swift in Sources */,
				F73E3BE627A0445E00BDA3E1 /* ContentView.swift in Sources */,
				F75C737527A1DA69008A3E0F /* FruitDetailView.swift in Sources */,
				F7E1460A27A088880047A436 /* StartButton.swift in Sources */,
				F75C737727A1DD20008A3E0F /* FruitHeaderView.swift in Sources */,
				F7E1460C27A08BF70047A436 /* OnBoardingView.swift in Sources */,
				F74D87B427A2CF3E00AA6987 /* SettingsLabelView.swift in Sources */,
				F75C736E27A19C3F008A3E0F /* FruitModel.swift in Sources */,
				F73E3BE427A0445E00BDA3E1 /* FructusApp.swift in Sources */,
				F74D87B227A2C33700AA6987 /* SettingsView.swift in Sources */,
			);
			runOnlyForDeploymentPostprocessing = 0;
		};
/* End PBXSourcesBuildPhase section */

/* Begin XCBuildConfiguration section */
		F73E3BEC27A0445E00BDA3E1 /* Debug */ = {
			isa = XCBuildConfiguration;
			buildSettings = {
				ALWAYS_SEARCH_USER_PATHS = NO;
				CLANG_ANALYZER_NONNULL = YES;
				CLANG_ANALYZER_NUMBER_OBJECT_CONVERSION = YES_AGGRESSIVE;
				CLANG_CXX_LANGUAGE_STANDARD = "gnu++17";
				CLANG_CXX_LIBRARY = "libc++";
				CLANG_ENABLE_MODULES = YES;
				CLANG_ENABLE_OBJC_ARC = YES;
				CLANG_ENABLE_OBJC_WEAK = YES;
				CLANG_WARN_BLOCK_CAPTURE_AUTORELEASING = YES;
				CLANG_WARN_BOOL_CONVERSION = YES;
				CLANG_WARN_COMMA = YES;
				CLANG_WARN_CONSTANT_CONVERSION = YES;
				CLANG_WARN_DEPRECATED_OBJC_IMPLEMENTATIONS = YES;
				CLANG_WARN_DIRECT_OBJC_ISA_USAGE = YES_ERROR;
				CLANG_WARN_DOCUMENTATION_COMMENTS = YES;
				CLANG_WARN_EMPTY_BODY = YES;
				CLANG_WARN_ENUM_CONVERSION = YES;
				CLANG_WARN_INFINITE_RECURSION = YES;
				CLANG_WARN_INT_CONVERSION = YES;
				CLANG_WARN_NON_LITERAL_NULL_CONVERSION = YES;
				CLANG_WARN_OBJC_IMPLICIT_RETAIN_SELF = YES;
				CLANG_WARN_OBJC_LITERAL_CONVERSION = YES;
				CLANG_WARN_OBJC_ROOT_CLASS = YES_ERROR;
				CLANG_WARN_QUOTED_INCLUDE_IN_FRAMEWORK_HEADER = YES;
				CLANG_WARN_RANGE_LOOP_ANALYSIS = YES;
				CLANG_WARN_STRICT_PROTOTYPES = YES;
				CLANG_WARN_SUSPICIOUS_MOVE = YES;
				CLANG_WARN_UNGUARDED_AVAILABILITY = YES_AGGRESSIVE;
				CLANG_WARN_UNREACHABLE_CODE = YES;
				CLANG_WARN__DUPLICATE_METHOD_MATCH = YES;
				COPY_PHASE_STRIP = NO;
				DEBUG_INFORMATION_FORMAT = dwarf;
				ENABLE_STRICT_OBJC_MSGSEND = YES;
				ENABLE_TESTABILITY = YES;
				GCC_C_LANGUAGE_STANDARD = gnu11;
				GCC_DYNAMIC_NO_PIC = NO;
				GCC_NO_COMMON_BLOCKS = YES;
				GCC_OPTIMIZATION_LEVEL = 0;
				GCC_PREPROCESSOR_DEFINITIONS = (
					"DEBUG=1",
					"$(inherited)",
				);
				GCC_WARN_64_TO_32_BIT_CONVERSION = YES;
				GCC_WARN_ABOUT_RETURN_TYPE = YES_ERROR;
				GCC_WARN_UNDECLARED_SELECTOR = YES;
				GCC_WARN_UNINITIALIZED_AUTOS = YES_AGGRESSIVE;
				GCC_WARN_UNUSED_FUNCTION = YES;
				GCC_WARN_UNUSED_VARIABLE = YES;
				IPHONEOS_DEPLOYMENT_TARGET = 15.0;
				MTL_ENABLE_DEBUG_INFO = INCLUDE_SOURCE;
				MTL_FAST_MATH = YES;
				ONLY_ACTIVE_ARCH = YES;
				SDKROOT = iphoneos;
				SWIFT_ACTIVE_COMPILATION_CONDITIONS = DEBUG;
				SWIFT_OPTIMIZATION_LEVEL = "-Onone";
			};
			name = Debug;
		};
		F73E3BED27A0445E00BDA3E1 /* Release */ = {
			isa = XCBuildConfiguration;
			buildSettings = {
				ALWAYS_SEARCH_USER_PATHS = NO;
				CLANG_ANALYZER_NONNULL = YES;
				CLANG_ANALYZER_NUMBER_OBJECT_CONVERSION = YES_AGGRESSIVE;
				CLANG_CXX_LANGUAGE_STANDARD = "gnu++17";
				CLANG_CXX_LIBRARY = "libc++";
				CLANG_ENABLE_MODULES = YES;
				CLANG_ENABLE_OBJC_ARC = YES;
				CLANG_ENABLE_OBJC_WEAK = YES;
				CLANG_WARN_BLOCK_CAPTURE_AUTORELEASING = YES;
				CLANG_WARN_BOOL_CONVERSION = YES;
				CLANG_WARN_COMMA = YES;
				CLANG_WARN_CONSTANT_CONVERSION = YES;
				CLANG_WARN_DEPRECATED_OBJC_IMPLEMENTATIONS = YES;
				CLANG_WARN_DIRECT_OBJC_ISA_USAGE = YES_ERROR;
				CLANG_WARN_DOCUMENTATION_COMMENTS = YES;
				CLANG_WARN_EMPTY_BODY = YES;
				CLANG_WARN_ENUM_CONVERSION = YES;
				CLANG_WARN_INFINITE_RECURSION = YES;
				CLANG_WARN_INT_CONVERSION = YES;
				CLANG_WARN_NON_LITERAL_NULL_CONVERSION = YES;
				CLANG_WARN_OBJC_IMPLICIT_RETAIN_SELF = YES;
				CLANG_WARN_OBJC_LITERAL_CONVERSION = YES;
				CLANG_WARN_OBJC_ROOT_CLASS = YES_ERROR;
				CLANG_WARN_QUOTED_INCLUDE_IN_FRAMEWORK_HEADER = YES;
				CLANG_WARN_RANGE_LOOP_ANALYSIS = YES;
				CLANG_WARN_STRICT_PROTOTYPES = YES;
				CLANG_WARN_SUSPICIOUS_MOVE = YES;
				CLANG_WARN_UNGUARDED_AVAILABILITY = YES_AGGRESSIVE;
				CLANG_WARN_UNREACHABLE_CODE = YES;
				CLANG_WARN__DUPLICATE_METHOD_MATCH = YES;
				COPY_PHASE_STRIP = NO;
				DEBUG_INFORMATION_FORMAT = "dwarf-with-dsym";
				ENABLE_NS_ASSERTIONS = NO;
				ENABLE_STRICT_OBJC_MSGSEND = YES;
				GCC_C_LANGUAGE_STANDARD = gnu11;
				GCC_NO_COMMON_BLOCKS = YES;
				GCC_WARN_64_TO_32_BIT_CONVERSION = YES;
				GCC_WARN_ABOUT_RETURN_TYPE = YES_ERROR;
				GCC_WARN_UNDECLARED_SELECTOR = YES;
				GCC_WARN_UNINITIALIZED_AUTOS = YES_AGGRESSIVE;
				GCC_WARN_UNUSED_FUNCTION = YES;
				GCC_WARN_UNUSED_VARIABLE = YES;
				IPHONEOS_DEPLOYMENT_TARGET = 15.0;
				MTL_ENABLE_DEBUG_INFO = NO;
				MTL_FAST_MATH = YES;
				SDKROOT = iphoneos;
				SWIFT_COMPILATION_MODE = wholemodule;
				SWIFT_OPTIMIZATION_LEVEL = "-O";
				VALIDATE_PRODUCT = YES;
			};
			name = Release;
		};
		F73E3BEF27A0445E00BDA3E1 /* Debug */ = {
			isa = XCBuildConfiguration;
			buildSettings = {
				ASSETCATALOG_COMPILER_APPICON_NAME = AppIcon;
				ASSETCATALOG_COMPILER_GLOBAL_ACCENT_COLOR_NAME = AccentColor;
				CODE_SIGN_STYLE = Automatic;
				CURRENT_PROJECT_VERSION = 1;
				DEVELOPMENT_ASSET_PATHS = "\"Fructus/Preview Content\"";
				DEVELOPMENT_TEAM = R7795MTWN8;
				ENABLE_PREVIEWS = YES;
				GENERATE_INFOPLIST_FILE = YES;
				INFOPLIST_KEY_UIApplicationSceneManifest_Generation = YES;
				INFOPLIST_KEY_UIApplicationSupportsIndirectInputEvents = YES;
				INFOPLIST_KEY_UILaunchScreen_Generation = YES;
				INFOPLIST_KEY_UISupportedInterfaceOrientations_iPad = "UIInterfaceOrientationPortrait UIInterfaceOrientationPortraitUpsideDown UIInterfaceOrientationLandscapeLeft UIInterfaceOrientationLandscapeRight";
				INFOPLIST_KEY_UISupportedInterfaceOrientations_iPhone = "UIInterfaceOrientationPortrait UIInterfaceOrientationLandscapeLeft UIInterfaceOrientationLandscapeRight";
				LD_RUNPATH_SEARCH_PATHS = (
					"$(inherited)",
					"@executable_path/Frameworks",
				);
				MARKETING_VERSION = 1.0;
				PRODUCT_BUNDLE_IDENTIFIER = com.shahid.Fructus;
				PRODUCT_NAME = "$(TARGET_NAME)";
				SWIFT_EMIT_LOC_STRINGS = YES;
				SWIFT_VERSION = 5.0;
				TARGETED_DEVICE_FAMILY = "1,2";
			};
			name = Debug;
		};
		F73E3BF027A0445E00BDA3E1 /* Release */ = {
			isa = XCBuildConfiguration;
			buildSettings = {
				ASSETCATALOG_COMPILER_APPICON_NAME = AppIcon;
				ASSETCATALOG_COMPILER_GLOBAL_ACCENT_COLOR_NAME = AccentColor;
				CODE_SIGN_STYLE = Automatic;
				CURRENT_PROJECT_VERSION = 1;
				DEVELOPMENT_ASSET_PATHS = "\"Fructus/Preview Content\"";
				DEVELOPMENT_TEAM = R7795MTWN8;
				ENABLE_PREVIEWS = YES;
				GENERATE_INFOPLIST_FILE = YES;
				INFOPLIST_KEY_UIApplicationSceneManifest_Generation = YES;
				INFOPLIST_KEY_UIApplicationSupportsIndirectInputEvents = YES;
				INFOPLIST_KEY_UILaunchScreen_Generation = YES;
				INFOPLIST_KEY_UISupportedInterfaceOrientations_iPad = "UIInterfaceOrientationPortrait UIInterfaceOrientationPortraitUpsideDown UIInterfaceOrientationLandscapeLeft UIInterfaceOrientationLandscapeRight";
				INFOPLIST_KEY_UISupportedInterfaceOrientations_iPhone = "UIInterfaceOrientationPortrait UIInterfaceOrientationLandscapeLeft UIInterfaceOrientationLandscapeRight";
				LD_RUNPATH_SEARCH_PATHS = (
					"$(inherited)",
					"@executable_path/Frameworks",
				);
				MARKETING_VERSION = 1.0;
				PRODUCT_BUNDLE_IDENTIFIER = com.shahid.Fructus;
				PRODUCT_NAME = "$(TARGET_NAME)";
				SWIFT_EMIT_LOC_STRINGS = YES;
				SWIFT_VERSION = 5.0;
				TARGETED_DEVICE_FAMILY = "1,2";
			};
			name = Release;
		};
/* End XCBuildConfiguration section */

/* Begin XCConfigurationList section */
		F73E3BDB27A0445E00BDA3E1 /* Build configuration list for PBXProject "Fructus" */ = {
			isa = XCConfigurationList;
			buildConfigurations = (
				F73E3BEC27A0445E00BDA3E1 /* Debug */,
				F73E3BED27A0445E00BDA3E1 /* Release */,
			);
			defaultConfigurationIsVisible = 0;
			defaultConfigurationName = Release;
		};
		F73E3BEE27A0445E00BDA3E1 /* Build configuration list for PBXNativeTarget "Fructus" */ = {
			isa = XCConfigurationList;
			buildConfigurations = (
				F73E3BEF27A0445E00BDA3E1 /* Debug */,
				F73E3BF027A0445E00BDA3E1 /* Release */,
			);
			defaultConfigurationIsVisible = 0;
			defaultConfigurationName = Release;
		};
/* End XCConfigurationList section */
	};
	rootObject = F73E3BD827A0445E00BDA3E1 /* Project object */;
}
